// !$*UTF8*$!
{
	archiveVersion = 1;
	classes = {};
	objectVersion = 56;
	objects = {
		A10000000000000000000001 /* AWUNApp.swift in Sources */ = {isa = PBXBuildFile; fileRef = A10000000000000000000002 /* AWUNApp.swift */; };
		A10000000000000000000002 /* AWUNApp.swift */ = {isa = PBXFileReference; lastKnownFileType = sourcecode.swift; path = AWUNApp.swift; sourceTree = "<group>"; };
		A10000000000000000000003 /* AWUN.app */ = {isa = PBXFileReference; explicitFileType = wrapper.application; includeInIndex = 0; path = AWUN.app; sourceTree = BUILT_PRODUCTS_DIR; };
		A10000000000000000000004 /* Project object */ = {
			isa = PBXProject;
			attributes = {BuildIndependentTargetsInParallel = 1; LastSwiftUpdateCheck = 1640; LastUpgradeCheck = 1640; TargetAttributes = {A1000000000000000000000A = {CreatedOnToolsVersion = 16.4;};};};
			buildConfigurationList = A10000000000000000000005 /* Build configuration list for PBXProject "AWUN" */;
			compatibilityVersion = "Xcode 14.0";
			developmentRegion = en;
			hasScannedForEncodings = 0;
			knownRegions = (en, Base);
			mainGroup = A10000000000000000000006;
			productRefGroup = A10000000000000000000007;
			projectDirPath = "";
			projectRoot = "";
			targets = (A1000000000000000000000A);
		};
		A10000000000000000000006 = {isa = PBXGroup; children = (A10000000000000000000008 /* AWUN */, A10000000000000000000007 /* Products */); sourceTree = "<group>"; };
		A10000000000000000000007 /* Products */ = {isa = PBXGroup; children = (A10000000000000000000003 /* AWUN.app */); name = Products; sourceTree = "<group>"; };
		A10000000000000000000008 /* AWUN */ = {isa = PBXGroup; children = (A10000000000000000000002 /* AWUNApp.swift */); path = AWUN; sourceTree = "<group>"; };
		A10000000000000000000009 /* Sources */ = {isa = PBXSourcesBuildPhase; buildActionMask = 2147483647; files = (A10000000000000000000001 /* AWUNApp.swift in Sources */); runOnlyForDeploymentPostprocessing = 0; };
		A1000000000000000000000A /* AWUN */ = {
			isa = PBXNativeTarget;
			buildConfigurationList = A1000000000000000000000B /* Build configuration list for PBXNativeTarget "AWUN" */;
			buildPhases = (A10000000000000000000009 /* Sources */, A1000000000000000000000C /* Frameworks */, A1000000000000000000000D /* Resources */);
			buildRules = ();
			dependencies = ();
			name = AWUN;
			productName = AWUN;
			productReference = A10000000000000000000003 /* AWUN.app */;
			productType = "com.apple.product-type.application";
		};
		A1000000000000000000000C /* Frameworks */ = {isa = PBXFrameworksBuildPhase; buildActionMask = 2147483647; files = (); runOnlyForDeploymentPostprocessing = 0; };
		A1000000000000000000000D /* Resources */ = {isa = PBXResourcesBuildPhase; buildActionMask = 2147483647; files = (); runOnlyForDeploymentPostprocessing = 0; };
		A1000000000000000000000E /* Debug */ = {isa = XCBuildConfiguration; buildSettings = {ALWAYS_SEARCH_USER_PATHS = NO; CLANG_ENABLE_MODULES = YES; IPHONEOS_DEPLOYMENT_TARGET = 15.0; SDKROOT = iphoneos; SWIFT_VERSION = 5.0;}; name = Debug; };
		A1000000000000000000000F /* Release */ = {isa = XCBuildConfiguration; buildSettings = {ALWAYS_SEARCH_USER_PATHS = NO; CLANG_ENABLE_MODULES = YES; IPHONEOS_DEPLOYMENT_TARGET = 15.0; SDKROOT = iphoneos; SWIFT_COMPILATION_MODE = wholemodule; SWIFT_OPTIMIZATION_LEVEL = "-O"; SWIFT_VERSION = 5.0;}; name = Release; };
		A10000000000000000000010 /* Debug */ = {isa = XCBuildConfiguration; buildSettings = {CODE_SIGN_STYLE = Automatic; CURRENT_PROJECT_VERSION = 16; DEVELOPMENT_TEAM = ""; GENERATE_INFOPLIST_FILE = NO; INFOPLIST_FILE = AWUN/Info.plist; IPHONEOS_DEPLOYMENT_TARGET = 15.0; MARKETING_VERSION = 1.6.0; PRODUCT_BUNDLE_IDENTIFIER = com.awun.beta; PRODUCT_NAME = "$(TARGET_NAME)"; SUPPORTED_PLATFORMS = "iphoneos iphonesimulator"; SUPPORTS_MACCATALYST = NO; SWIFT_EMIT_LOC_STRINGS = YES; SWIFT_VERSION = 5.0; TARGETED_DEVICE_FAMILY = "1,2";}; name = Debug; };
		A10000000000000000000011 /* Release */ = {isa = XCBuildConfiguration; buildSettings = {CODE_SIGN_STYLE = Automatic; CURRENT_PROJECT_VERSION = 16; DEVELOPMENT_TEAM = ""; GENERATE_INFOPLIST_FILE = NO; INFOPLIST_FILE = AWUN/Info.plist; IPHONEOS_DEPLOYMENT_TARGET = 15.0; MARKETING_VERSION = 1.6.0; PRODUCT_BUNDLE_IDENTIFIER = com.awun.beta; PRODUCT_NAME = "$(TARGET_NAME)"; SUPPORTED_PLATFORMS = "iphoneos iphonesimulator"; SUPPORTS_MACCATALYST = NO; SWIFT_EMIT_LOC_STRINGS = YES; SWIFT_VERSION = 5.0; TARGETED_DEVICE_FAMILY = "1,2";}; name = Release; };
		A10000000000000000000005 /* Build configuration list for PBXProject "AWUN" */ = {isa = XCConfigurationList; buildConfigurations = (A1000000000000000000000E /* Debug */, A1000000000000000000000F /* Release */); defaultConfigurationIsVisible = 0; defaultConfigurationName = Release; };
		A1000000000000000000000B /* Build configuration list for PBXNativeTarget "AWUN" */ = {isa = XCConfigurationList; buildConfigurations = (A10000000000000000000010 /* Debug */, A10000000000000000000011 /* Release */); defaultConfigurationIsVisible = 0; defaultConfigurationName = Release; };
	};
	rootObject = A10000000000000000000004 /* Project object */;
}
